
Microsoft Visual Studio Solution File, Format Version 12.00
# Visual Studio Version 17
VisualStudioVersion = 17.4.33205.214
MinimumVisualStudioVersion = 10.0.40219.1
Project("{FAE04EC0-301F-11D3-BF4B-00C04F79EFBC}") = "verificaSenha", "verificaSenha\verificaSenha.csproj", "{D34ADF64-456A-483F-B33F-8BD41328001F}"
EndProject
Global
	GlobalSection(SolutionConfigurationPlatforms) = preSolution
		Debug|Any CPU = Debug|Any CPU
		Release|Any CPU = Release|Any CPU
	EndGlobalSection
	GlobalSection(ProjectConfigurationPlatforms) = postSolution
		{D34ADF64-456A-483F-B33F-8BD41328001F}.Debug|Any CPU.ActiveCfg = Debug|Any CPU
		{D34ADF64-456A-483F-B33F-8BD41328001F}.Debug|Any CPU.Build.0 = Debug|Any CPU
		{D34ADF64-456A-483F-B33F-8BD41328001F}.Release|Any CPU.ActiveCfg = Release|Any CPU
		{D34ADF64-456A-483F-B33F-8BD41328001F}.Release|Any CPU.Build.0 = Release|Any CPU
	EndGlobalSection
	GlobalSection(SolutionProperties) = preSolution
		HideSolutionNode = FALSE
	EndGlobalSection
	GlobalSection(ExtensibilityGlobals) = postSolution
		SolutionGuid = {FA3D4096-8C07-473E-A88E-E65B79A4485B}
	EndGlobalSection
EndGlobal
